// !$*UTF8*$!
{
	archiveVersion = 1;
	classes = {
	};
	objectVersion = 56;
	objects = {

/* Begin PBXBuildFile section */
		3E1C97602B68C2F30092A196 /* AppDelegate.swift in Sources */ = {isa = PBXBuildFile; fileRef = 3E1C975F2B68C2F30092A196 /* AppDelegate.swift */; };
		3E1C97622B68C2F40092A196 /* SceneDelegate.swift in Sources */ = {isa = PBXBuildFile; fileRef = 3E1C97612B68C2F40092A196 /* SceneDelegate.swift */; };
		3E1C97642B68C2F40092A196 /* ViewController.swift in Sources */ = {isa = PBXBuildFile; fileRef = 3E1C97632B68C2F40092A196 /* ViewController.swift */; };
		3E1C97692B68C2FC0092A196 /* Assets.xcassets in Resources */ = {isa = PBXBuildFile; fileRef = 3E1C97682B68C2FC0092A196 /* Assets.xcassets */; };
		3E1C976C2B68C2FC0092A196 /* LaunchScreen.storyboard in Resources */ = {isa = PBXBuildFile; fileRef = 3E1C976A2B68C2FC0092A196 /* LaunchScreen.storyboard */; };
		3E1C97772B68C2FC0092A196 /* Pursuit_CodeTrack_AppTests.swift in Sources */ = {isa = PBXBuildFile; fileRef = 3E1C97762B68C2FC0092A196 /* Pursuit_CodeTrack_AppTests.swift */; };
		3E1C97812B68C2FC0092A196 /* Pursuit_CodeTrack_AppUITests.swift in Sources */ = {isa = PBXBuildFile; fileRef = 3E1C97802B68C2FC0092A196 /* Pursuit_CodeTrack_AppUITests.swift */; };
		3E1C97832B68C2FC0092A196 /* Pursuit_CodeTrack_AppUITestsLaunchTests.swift in Sources */ = {isa = PBXBuildFile; fileRef = 3E1C97822B68C2FC0092A196 /* Pursuit_CodeTrack_AppUITestsLaunchTests.swift */; };
		3E1C97902B818E410092A196 /* CodeTrackURL.swift in Sources */ = {isa = PBXBuildFile; fileRef = 3E1C978F2B818E410092A196 /* CodeTrackURL.swift */; };
		3E1C97922B848AC70092A196 /* CodeTrackAPI.swift in Sources */ = {isa = PBXBuildFile; fileRef = 3E1C97912B848AC70092A196 /* CodeTrackAPI.swift */; };
		3E1C97942B848B0B0092A196 /* ScoreboardModel.swift in Sources */ = {isa = PBXBuildFile; fileRef = 3E1C97932B848B0B0092A196 /* ScoreboardModel.swift */; };
		3E1C97962B881D6E0092A196 /* StandingsModel.swift in Sources */ = {isa = PBXBuildFile; fileRef = 3E1C97952B881D6E0092A196 /* StandingsModel.swift */; };
/* End PBXBuildFile section */

/* Begin PBXContainerItemProxy section */
		3E1C97732B68C2FC0092A196 /* PBXContainerItemProxy */ = {
			isa = PBXContainerItemProxy;
			containerPortal = 3E1C97542B68C2F30092A196 /* Project object */;
			proxyType = 1;
			remoteGlobalIDString = 3E1C975B2B68C2F30092A196;
			remoteInfo = "Pursuit-CodeTrack-App";
		};
		3E1C977D2B68C2FC0092A196 /* PBXContainerItemProxy */ = {
			isa = PBXContainerItemProxy;
			containerPortal = 3E1C97542B68C2F30092A196 /* Project object */;
			proxyType = 1;
			remoteGlobalIDString = 3E1C975B2B68C2F30092A196;
			remoteInfo = "Pursuit-CodeTrack-App";
		};
/* End PBXContainerItemProxy section */

/* Begin PBXFileReference section */
		3E1C975C2B68C2F30092A196 /* Pursuit-CodeTrack-App.app */ = {isa = PBXFileReference; explicitFileType = wrapper.application; includeInIndex = 0; path = "Pursuit-CodeTrack-App.app"; sourceTree = BUILT_PRODUCTS_DIR; };
		3E1C975F2B68C2F30092A196 /* AppDelegate.swift */ = {isa = PBXFileReference; lastKnownFileType = sourcecode.swift; path = AppDelegate.swift; sourceTree = "<group>"; };
		3E1C97612B68C2F40092A196 /* SceneDelegate.swift */ = {isa = PBXFileReference; lastKnownFileType = sourcecode.swift; path = SceneDelegate.swift; sourceTree = "<group>"; };
		3E1C97632B68C2F40092A196 /* ViewController.swift */ = {isa = PBXFileReference; lastKnownFileType = sourcecode.swift; path = ViewController.swift; sourceTree = "<group>"; };
		3E1C97682B68C2FC0092A196 /* Assets.xcassets */ = {isa = PBXFileReference; lastKnownFileType = folder.assetcatalog; path = Assets.xcassets; sourceTree = "<group>"; };
		3E1C976B2B68C2FC0092A196 /* Base */ = {isa = PBXFileReference; lastKnownFileType = file.storyboard; name = Base; path = Base.lproj/LaunchScreen.storyboard; sourceTree = "<group>"; };
		3E1C976D2B68C2FC0092A196 /* Info.plist */ = {isa = PBXFileReference; lastKnownFileType = text.plist.xml; path = Info.plist; sourceTree = "<group>"; };
		3E1C97722B68C2FC0092A196 /* Pursuit-CodeTrack-AppTests.xctest */ = {isa = PBXFileReference; explicitFileType = wrapper.cfbundle; includeInIndex = 0; path = "Pursuit-CodeTrack-AppTests.xctest"; sourceTree = BUILT_PRODUCTS_DIR; };
		3E1C97762B68C2FC0092A196 /* Pursuit_CodeTrack_AppTests.swift */ = {isa = PBXFileReference; lastKnownFileType = sourcecode.swift; path = Pursuit_CodeTrack_AppTests.swift; sourceTree = "<group>"; };
		3E1C977C2B68C2FC0092A196 /* Pursuit-CodeTrack-AppUITests.xctest */ = {isa = PBXFileReference; explicitFileType = wrapper.cfbundle; includeInIndex = 0; path = "Pursuit-CodeTrack-AppUITests.xctest"; sourceTree = BUILT_PRODUCTS_DIR; };
		3E1C97802B68C2FC0092A196 /* Pursuit_CodeTrack_AppUITests.swift */ = {isa = PBXFileReference; lastKnownFileType = sourcecode.swift; path = Pursuit_CodeTrack_AppUITests.swift; sourceTree = "<group>"; };
		3E1C97822B68C2FC0092A196 /* Pursuit_CodeTrack_AppUITestsLaunchTests.swift */ = {isa = PBXFileReference; lastKnownFileType = sourcecode.swift; path = Pursuit_CodeTrack_AppUITestsLaunchTests.swift; sourceTree = "<group>"; };
		3E1C978F2B818E410092A196 /* CodeTrackURL.swift */ = {isa = PBXFileReference; lastKnownFileType = sourcecode.swift; path = CodeTrackURL.swift; sourceTree = "<group>"; };
		3E1C97912B848AC70092A196 /* CodeTrackAPI.swift */ = {isa = PBXFileReference; lastKnownFileType = sourcecode.swift; path = CodeTrackAPI.swift; sourceTree = "<group>"; };
		3E1C97932B848B0B0092A196 /* ScoreboardModel.swift */ = {isa = PBXFileReference; lastKnownFileType = sourcecode.swift; path = ScoreboardModel.swift; sourceTree = "<group>"; };
		3E1C97952B881D6E0092A196 /* StandingsModel.swift */ = {isa = PBXFileReference; lastKnownFileType = sourcecode.swift; path = StandingsModel.swift; sourceTree = "<group>"; };
/* End PBXFileReference section */

/* Begin PBXFrameworksBuildPhase section */
		3E1C97592B68C2F30092A196 /* Frameworks */ = {
			isa = PBXFrameworksBuildPhase;
			buildActionMask = 2147483647;
			files = (
			);
			runOnlyForDeploymentPostprocessing = 0;
		};
		3E1C976F2B68C2FC0092A196 /* Frameworks */ = {
			isa = PBXFrameworksBuildPhase;
			buildActionMask = 2147483647;
			files = (
			);
			runOnlyForDeploymentPostprocessing = 0;
		};
		3E1C97792B68C2FC0092A196 /* Frameworks */ = {
			isa = PBXFrameworksBuildPhase;
			buildActionMask = 2147483647;
			files = (
			);
			runOnlyForDeploymentPostprocessing = 0;
		};
/* End PBXFrameworksBuildPhase section */

/* Begin PBXGroup section */
		3E1C97532B68C2F30092A196 = {
			isa = PBXGroup;
			children = (
				3E1C975E2B68C2F30092A196 /* Pursuit-CodeTrack-App */,
				3E1C97752B68C2FC0092A196 /* Pursuit-CodeTrack-AppTests */,
				3E1C977F2B68C2FC0092A196 /* Pursuit-CodeTrack-AppUITests */,
				3E1C975D2B68C2F30092A196 /* Products */,
			);
			sourceTree = "<group>";
		};
		3E1C975D2B68C2F30092A196 /* Products */ = {
			isa = PBXGroup;
			children = (
				3E1C975C2B68C2F30092A196 /* Pursuit-CodeTrack-App.app */,
				3E1C97722B68C2FC0092A196 /* Pursuit-CodeTrack-AppTests.xctest */,
				3E1C977C2B68C2FC0092A196 /* Pursuit-CodeTrack-AppUITests.xctest */,
			);
			name = Products;
			sourceTree = "<group>";
		};
		3E1C975E2B68C2F30092A196 /* Pursuit-CodeTrack-App */ = {
			isa = PBXGroup;
			children = (
				3E1C979A2B8820250092A196 /* ViewControllers */,
				3E1C97992B88200A0092A196 /* Network */,
				3E1C97982B881FEA0092A196 /* SupportingFiles */,
				3E1C97972B881FD10092A196 /* Models */,
				3E1C97682B68C2FC0092A196 /* Assets.xcassets */,
				3E1C976A2B68C2FC0092A196 /* LaunchScreen.storyboard */,
				3E1C976D2B68C2FC0092A196 /* Info.plist */,
			);
			path = "Pursuit-CodeTrack-App";
			sourceTree = "<group>";
		};
		3E1C97752B68C2FC0092A196 /* Pursuit-CodeTrack-AppTests */ = {
			isa = PBXGroup;
			children = (
				3E1C97762B68C2FC0092A196 /* Pursuit_CodeTrack_AppTests.swift */,
			);
			path = "Pursuit-CodeTrack-AppTests";
			sourceTree = "<group>";
		};
		3E1C977F2B68C2FC0092A196 /* Pursuit-CodeTrack-AppUITests */ = {
			isa = PBXGroup;
			children = (
				3E1C97802B68C2FC0092A196 /* Pursuit_CodeTrack_AppUITests.swift */,
				3E1C97822B68C2FC0092A196 /* Pursuit_CodeTrack_AppUITestsLaunchTests.swift */,
			);
			path = "Pursuit-CodeTrack-AppUITests";
			sourceTree = "<group>";
		};
		3E1C97972B881FD10092A196 /* Models */ = {
			isa = PBXGroup;
			children = (
				3E1C97932B848B0B0092A196 /* ScoreboardModel.swift */,
				3E1C97952B881D6E0092A196 /* StandingsModel.swift */,
			);
			path = Models;
			sourceTree = "<group>";
		};
		3E1C97982B881FEA0092A196 /* SupportingFiles */ = {
			isa = PBXGroup;
			children = (
				3E1C97612B68C2F40092A196 /* SceneDelegate.swift */,
				3E1C975F2B68C2F30092A196 /* AppDelegate.swift */,
			);
			path = SupportingFiles;
			sourceTree = "<group>";
		};
		3E1C97992B88200A0092A196 /* Network */ = {
			isa = PBXGroup;
			children = (
				3E1C978F2B818E410092A196 /* CodeTrackURL.swift */,
				3E1C97912B848AC70092A196 /* CodeTrackAPI.swift */,
			);
			path = Network;
			sourceTree = "<group>";
		};
		3E1C979A2B8820250092A196 /* ViewControllers */ = {
			isa = PBXGroup;
			children = (
				3E1C97632B68C2F40092A196 /* ViewController.swift */,
			);
			path = ViewControllers;
			sourceTree = "<group>";
		};
/* End PBXGroup section */

/* Begin PBXNativeTarget section */
		3E1C975B2B68C2F30092A196 /* Pursuit-CodeTrack-App */ = {
			isa = PBXNativeTarget;
			buildConfigurationList = 3E1C97862B68C2FC0092A196 /* Build configuration list for PBXNativeTarget "Pursuit-CodeTrack-App" */;
			buildPhases = (
				3E1C97582B68C2F30092A196 /* Sources */,
				3E1C97592B68C2F30092A196 /* Frameworks */,
				3E1C975A2B68C2F30092A196 /* Resources */,
			);
			buildRules = (
			);
			dependencies = (
			);
			name = "Pursuit-CodeTrack-App";
			productName = "Pursuit-CodeTrack-App";
			productReference = 3E1C975C2B68C2F30092A196 /* Pursuit-CodeTrack-App.app */;
			productType = "com.apple.product-type.application";
		};
		3E1C97712B68C2FC0092A196 /* Pursuit-CodeTrack-AppTests */ = {
			isa = PBXNativeTarget;
			buildConfigurationList = 3E1C97892B68C2FC0092A196 /* Build configuration list for PBXNativeTarget "Pursuit-CodeTrack-AppTests" */;
			buildPhases = (
				3E1C976E2B68C2FC0092A196 /* Sources */,
				3E1C976F2B68C2FC0092A196 /* Frameworks */,
				3E1C97702B68C2FC0092A196 /* Resources */,
			);
			buildRules = (
			);
			dependencies = (
				3E1C97742B68C2FC0092A196 /* PBXTargetDependency */,
			);
			name = "Pursuit-CodeTrack-AppTests";
			productName = "Pursuit-CodeTrack-AppTests";
			productReference = 3E1C97722B68C2FC0092A196 /* Pursuit-CodeTrack-AppTests.xctest */;
			productType = "com.apple.product-type.bundle.unit-test";
		};
		3E1C977B2B68C2FC0092A196 /* Pursuit-CodeTrack-AppUITests */ = {
			isa = PBXNativeTarget;
			buildConfigurationList = 3E1C978C2B68C2FC0092A196 /* Build configuration list for PBXNativeTarget "Pursuit-CodeTrack-AppUITests" */;
			buildPhases = (
				3E1C97782B68C2FC0092A196 /* Sources */,
				3E1C97792B68C2FC0092A196 /* Frameworks */,
				3E1C977A2B68C2FC0092A196 /* Resources */,
			);
			buildRules = (
			);
			dependencies = (
				3E1C977E2B68C2FC0092A196 /* PBXTargetDependency */,
			);
			name = "Pursuit-CodeTrack-AppUITests";
			productName = "Pursuit-CodeTrack-AppUITests";
			productReference = 3E1C977C2B68C2FC0092A196 /* Pursuit-CodeTrack-AppUITests.xctest */;
			productType = "com.apple.product-type.bundle.ui-testing";
		};
/* End PBXNativeTarget section */

/* Begin PBXProject section */
		3E1C97542B68C2F30092A196 /* Project object */ = {
			isa = PBXProject;
			attributes = {
				BuildIndependentTargetsInParallel = 1;
				LastSwiftUpdateCheck = 1500;
				LastUpgradeCheck = 1500;
				TargetAttributes = {
					3E1C975B2B68C2F30092A196 = {
						CreatedOnToolsVersion = 15.0.1;
					};
					3E1C97712B68C2FC0092A196 = {
						CreatedOnToolsVersion = 15.0.1;
						TestTargetID = 3E1C975B2B68C2F30092A196;
					};
					3E1C977B2B68C2FC0092A196 = {
						CreatedOnToolsVersion = 15.0.1;
						TestTargetID = 3E1C975B2B68C2F30092A196;
					};
				};
			};
			buildConfigurationList = 3E1C97572B68C2F30092A196 /* Build configuration list for PBXProject "Pursuit-CodeTrack-App" */;
			compatibilityVersion = "Xcode 14.0";
			developmentRegion = en;
			hasScannedForEncodings = 0;
			knownRegions = (
				en,
				Base,
			);
			mainGroup = 3E1C97532B68C2F30092A196;
			productRefGroup = 3E1C975D2B68C2F30092A196 /* Products */;
			projectDirPath = "";
			projectRoot = "";
			targets = (
				3E1C975B2B68C2F30092A196 /* Pursuit-CodeTrack-App */,
				3E1C97712B68C2FC0092A196 /* Pursuit-CodeTrack-AppTests */,
				3E1C977B2B68C2FC0092A196 /* Pursuit-CodeTrack-AppUITests */,
			);
		};
/* End PBXProject section */

/* Begin PBXResourcesBuildPhase section */
		3E1C975A2B68C2F30092A196 /* Resources */ = {
			isa = PBXResourcesBuildPhase;
			buildActionMask = 2147483647;
			files = (
				3E1C976C2B68C2FC0092A196 /* LaunchScreen.storyboard in Resources */,
				3E1C97692B68C2FC0092A196 /* Assets.xcassets in Resources */,
			);
			runOnlyForDeploymentPostprocessing = 0;
		};
		3E1C97702B68C2FC0092A196 /* Resources */ = {
			isa = PBXResourcesBuildPhase;
			buildActionMask = 2147483647;
			files = (
			);
			runOnlyForDeploymentPostprocessing = 0;
		};
		3E1C977A2B68C2FC0092A196 /* Resources */ = {
			isa = PBXResourcesBuildPhase;
			buildActionMask = 2147483647;
			files = (
			);
			runOnlyForDeploymentPostprocessing = 0;
		};
/* End PBXResourcesBuildPhase section */

/* Begin PBXSourcesBuildPhase section */
		3E1C97582B68C2F30092A196 /* Sources */ = {
			isa = PBXSourcesBuildPhase;
			buildActionMask = 2147483647;
			files = (
				3E1C97902B818E410092A196 /* CodeTrackURL.swift in Sources */,
				3E1C97962B881D6E0092A196 /* StandingsModel.swift in Sources */,
				3E1C97642B68C2F40092A196 /* ViewController.swift in Sources */,
				3E1C97922B848AC70092A196 /* CodeTrackAPI.swift in Sources */,
				3E1C97942B848B0B0092A196 /* ScoreboardModel.swift in Sources */,
				3E1C97602B68C2F30092A196 /* AppDelegate.swift in Sources */,
				3E1C97622B68C2F40092A196 /* SceneDelegate.swift in Sources */,
			);
			runOnlyForDeploymentPostprocessing = 0;
		};
		3E1C976E2B68C2FC0092A196 /* Sources */ = {
			isa = PBXSourcesBuildPhase;
			buildActionMask = 2147483647;
			files = (
				3E1C97772B68C2FC0092A196 /* Pursuit_CodeTrack_AppTests.swift in Sources */,
			);
			runOnlyForDeploymentPostprocessing = 0;
		};
		3E1C97782B68C2FC0092A196 /* Sources */ = {
			isa = PBXSourcesBuildPhase;
			buildActionMask = 2147483647;
			files = (
				3E1C97832B68C2FC0092A196 /* Pursuit_CodeTrack_AppUITestsLaunchTests.swift in Sources */,
				3E1C97812B68C2FC0092A196 /* Pursuit_CodeTrack_AppUITests.swift in Sources */,
			);
			runOnlyForDeploymentPostprocessing = 0;
		};
/* End PBXSourcesBuildPhase section */

/* Begin PBXTargetDependency section */
		3E1C97742B68C2FC0092A196 /* PBXTargetDependency */ = {
			isa = PBXTargetDependency;
			target = 3E1C975B2B68C2F30092A196 /* Pursuit-CodeTrack-App */;
			targetProxy = 3E1C97732B68C2FC0092A196 /* PBXContainerItemProxy */;
		};
		3E1C977E2B68C2FC0092A196 /* PBXTargetDependency */ = {
			isa = PBXTargetDependency;
			target = 3E1C975B2B68C2F30092A196 /* Pursuit-CodeTrack-App */;
			targetProxy = 3E1C977D2B68C2FC0092A196 /* PBXContainerItemProxy */;
		};
/* End PBXTargetDependency section */

/* Begin PBXVariantGroup section */
		3E1C976A2B68C2FC0092A196 /* LaunchScreen.storyboard */ = {
			isa = PBXVariantGroup;
			children = (
				3E1C976B2B68C2FC0092A196 /* Base */,
			);
			name = LaunchScreen.storyboard;
			sourceTree = "<group>";
		};
/* End PBXVariantGroup section */

/* Begin XCBuildConfiguration section */
		3E1C97842B68C2FC0092A196 /* Debug */ = {
			isa = XCBuildConfiguration;
			buildSettings = {
				ALWAYS_SEARCH_USER_PATHS = NO;
				ASSETCATALOG_COMPILER_GENERATE_SWIFT_ASSET_SYMBOL_EXTENSIONS = YES;
				CLANG_ANALYZER_NONNULL = YES;
				CLANG_ANALYZER_NUMBER_OBJECT_CONVERSION = YES_AGGRESSIVE;
				CLANG_CXX_LANGUAGE_STANDARD = "gnu++20";
				CLANG_ENABLE_MODULES = YES;
				CLANG_ENABLE_OBJC_ARC = YES;
				CLANG_ENABLE_OBJC_WEAK = YES;
				CLANG_WARN_BLOCK_CAPTURE_AUTORELEASING = YES;
				CLANG_WARN_BOOL_CONVERSION = YES;
				CLANG_WARN_COMMA = YES;
				CLANG_WARN_CONSTANT_CONVERSION = YES;
				CLANG_WARN_DEPRECATED_OBJC_IMPLEMENTATIONS = YES;
				CLANG_WARN_DIRECT_OBJC_ISA_USAGE = YES_ERROR;
				CLANG_WARN_DOCUMENTATION_COMMENTS = YES;
				CLANG_WARN_EMPTY_BODY = YES;
				CLANG_WARN_ENUM_CONVERSION = YES;
				CLANG_WARN_INFINITE_RECURSION = YES;
				CLANG_WARN_INT_CONVERSION = YES;
				CLANG_WARN_NON_LITERAL_NULL_CONVERSION = YES;
				CLANG_WARN_OBJC_IMPLICIT_RETAIN_SELF = YES;
				CLANG_WARN_OBJC_LITERAL_CONVERSION = YES;
				CLANG_WARN_OBJC_ROOT_CLASS = YES_ERROR;
				CLANG_WARN_QUOTED_INCLUDE_IN_FRAMEWORK_HEADER = YES;
				CLANG_WARN_RANGE_LOOP_ANALYSIS = YES;
				CLANG_WARN_STRICT_PROTOTYPES = YES;
				CLANG_WARN_SUSPICIOUS_MOVE = YES;
				CLANG_WARN_UNGUARDED_AVAILABILITY = YES_AGGRESSIVE;
				CLANG_WARN_UNREACHABLE_CODE = YES;
				CLANG_WARN__DUPLICATE_METHOD_MATCH = YES;
				COPY_PHASE_STRIP = NO;
				DEBUG_INFORMATION_FORMAT = dwarf;
				ENABLE_STRICT_OBJC_MSGSEND = YES;
				ENABLE_TESTABILITY = YES;
				ENABLE_USER_SCRIPT_SANDBOXING = YES;
				GCC_C_LANGUAGE_STANDARD = gnu17;
				GCC_DYNAMIC_NO_PIC = NO;
				GCC_NO_COMMON_BLOCKS = YES;
				GCC_OPTIMIZATION_LEVEL = 0;
				GCC_PREPROCESSOR_DEFINITIONS = (
					"DEBUG=1",
					"$(inherited)",
				);
				GCC_WARN_64_TO_32_BIT_CONVERSION = YES;
				GCC_WARN_ABOUT_RETURN_TYPE = YES_ERROR;
				GCC_WARN_UNDECLARED_SELECTOR = YES;
				GCC_WARN_UNINITIALIZED_AUTOS = YES_AGGRESSIVE;
				GCC_WARN_UNUSED_FUNCTION = YES;
				GCC_WARN_UNUSED_VARIABLE = YES;
				IPHONEOS_DEPLOYMENT_TARGET = 17.0;
				LOCALIZATION_PREFERS_STRING_CATALOGS = YES;
				MTL_ENABLE_DEBUG_INFO = INCLUDE_SOURCE;
				MTL_FAST_MATH = YES;
				ONLY_ACTIVE_ARCH = YES;
				SDKROOT = iphoneos;
				SWIFT_ACTIVE_COMPILATION_CONDITIONS = "DEBUG $(inherited)";
				SWIFT_OPTIMIZATION_LEVEL = "-Onone";
			};
			name = Debug;
		};
		3E1C97852B68C2FC0092A196 /* Release */ = {
			isa = XCBuildConfiguration;
			buildSettings = {
				ALWAYS_SEARCH_USER_PATHS = NO;
				ASSETCATALOG_COMPILER_GENERATE_SWIFT_ASSET_SYMBOL_EXTENSIONS = YES;
				CLANG_ANALYZER_NONNULL = YES;
				CLANG_ANALYZER_NUMBER_OBJECT_CONVERSION = YES_AGGRESSIVE;
				CLANG_CXX_LANGUAGE_STANDARD = "gnu++20";
				CLANG_ENABLE_MODULES = YES;
				CLANG_ENABLE_OBJC_ARC = YES;
				CLANG_ENABLE_OBJC_WEAK = YES;
				CLANG_WARN_BLOCK_CAPTURE_AUTORELEASING = YES;
				CLANG_WARN_BOOL_CONVERSION = YES;
				CLANG_WARN_COMMA = YES;
				CLANG_WARN_CONSTANT_CONVERSION = YES;
				CLANG_WARN_DEPRECATED_OBJC_IMPLEMENTATIONS = YES;
				CLANG_WARN_DIRECT_OBJC_ISA_USAGE = YES_ERROR;
				CLANG_WARN_DOCUMENTATION_COMMENTS = YES;
				CLANG_WARN_EMPTY_BODY = YES;
				CLANG_WARN_ENUM_CONVERSION = YES;
				CLANG_WARN_INFINITE_RECURSION = YES;
				CLANG_WARN_INT_CONVERSION = YES;
				CLANG_WARN_NON_LITERAL_NULL_CONVERSION = YES;
				CLANG_WARN_OBJC_IMPLICIT_RETAIN_SELF = YES;
				CLANG_WARN_OBJC_LITERAL_CONVERSION = YES;
				CLANG_WARN_OBJC_ROOT_CLASS = YES_ERROR;
				CLANG_WARN_QUOTED_INCLUDE_IN_FRAMEWORK_HEADER = YES;
				CLANG_WARN_RANGE_LOOP_ANALYSIS = YES;
				CLANG_WARN_STRICT_PROTOTYPES = YES;
				CLANG_WARN_SUSPICIOUS_MOVE = YES;
				CLANG_WARN_UNGUARDED_AVAILABILITY = YES_AGGRESSIVE;
				CLANG_WARN_UNREACHABLE_CODE = YES;
				CLANG_WARN__DUPLICATE_METHOD_MATCH = YES;
				COPY_PHASE_STRIP = NO;
				DEBUG_INFORMATION_FORMAT = "dwarf-with-dsym";
				ENABLE_NS_ASSERTIONS = NO;
				ENABLE_STRICT_OBJC_MSGSEND = YES;
				ENABLE_USER_SCRIPT_SANDBOXING = YES;
				GCC_C_LANGUAGE_STANDARD = gnu17;
				GCC_NO_COMMON_BLOCKS = YES;
				GCC_WARN_64_TO_32_BIT_CONVERSION = YES;
				GCC_WARN_ABOUT_RETURN_TYPE = YES_ERROR;
				GCC_WARN_UNDECLARED_SELECTOR = YES;
				GCC_WARN_UNINITIALIZED_AUTOS = YES_AGGRESSIVE;
				GCC_WARN_UNUSED_FUNCTION = YES;
				GCC_WARN_UNUSED_VARIABLE = YES;
				IPHONEOS_DEPLOYMENT_TARGET = 17.0;
				LOCALIZATION_PREFERS_STRING_CATALOGS = YES;
				MTL_ENABLE_DEBUG_INFO = NO;
				MTL_FAST_MATH = YES;
				SDKROOT = iphoneos;
				SWIFT_COMPILATION_MODE = wholemodule;
				VALIDATE_PRODUCT = YES;
			};
			name = Release;
		};
		3E1C97872B68C2FC0092A196 /* Debug */ = {
			isa = XCBuildConfiguration;
			buildSettings = {
				ASSETCATALOG_COMPILER_APPICON_NAME = AppIcon;
				ASSETCATALOG_COMPILER_GLOBAL_ACCENT_COLOR_NAME = AccentColor;
				CODE_SIGN_STYLE = Automatic;
				CURRENT_PROJECT_VERSION = 1;
				DEVELOPMENT_TEAM = 26RHXP32FH;
				GENERATE_INFOPLIST_FILE = YES;
				INFOPLIST_FILE = "Pursuit-CodeTrack-App/Info.plist";
				INFOPLIST_KEY_UIApplicationSupportsIndirectInputEvents = YES;
				INFOPLIST_KEY_UILaunchStoryboardName = LaunchScreen;
				INFOPLIST_KEY_UISupportedInterfaceOrientations_iPad = "UIInterfaceOrientationPortrait UIInterfaceOrientationPortraitUpsideDown UIInterfaceOrientationLandscapeLeft UIInterfaceOrientationLandscapeRight";
				INFOPLIST_KEY_UISupportedInterfaceOrientations_iPhone = "UIInterfaceOrientationPortrait UIInterfaceOrientationLandscapeLeft UIInterfaceOrientationLandscapeRight";
				LD_RUNPATH_SEARCH_PATHS = (
					"$(inherited)",
					"@executable_path/Frameworks",
				);
				MARKETING_VERSION = 1.0;
				PRODUCT_BUNDLE_IDENTIFIER = "JuanTheProducer.Pursuit-CodeTrack-App";
				PRODUCT_NAME = "$(TARGET_NAME)";
				SWIFT_EMIT_LOC_STRINGS = YES;
				SWIFT_VERSION = 5.0;
				TARGETED_DEVICE_FAMILY = "1,2";
			};
			name = Debug;
		};
		3E1C97882B68C2FC0092A196 /* Release */ = {
			isa = XCBuildConfiguration;
			buildSettings = {
				ASSETCATALOG_COMPILER_APPICON_NAME = AppIcon;
				ASSETCATALOG_COMPILER_GLOBAL_ACCENT_COLOR_NAME = AccentColor;
				CODE_SIGN_STYLE = Automatic;
				CURRENT_PROJECT_VERSION = 1;
				DEVELOPMENT_TEAM = 26RHXP32FH;
				GENERATE_INFOPLIST_FILE = YES;
				INFOPLIST_FILE = "Pursuit-CodeTrack-App/Info.plist";
				INFOPLIST_KEY_UIApplicationSupportsIndirectInputEvents = YES;
				INFOPLIST_KEY_UILaunchStoryboardName = LaunchScreen;
				INFOPLIST_KEY_UISupportedInterfaceOrientations_iPad = "UIInterfaceOrientationPortrait UIInterfaceOrientationPortraitUpsideDown UIInterfaceOrientationLandscapeLeft UIInterfaceOrientationLandscapeRight";
				INFOPLIST_KEY_UISupportedInterfaceOrientations_iPhone = "UIInterfaceOrientationPortrait UIInterfaceOrientationLandscapeLeft UIInterfaceOrientationLandscapeRight";
				LD_RUNPATH_SEARCH_PATHS = (
					"$(inherited)",
					"@executable_path/Frameworks",
				);
				MARKETING_VERSION = 1.0;
				PRODUCT_BUNDLE_IDENTIFIER = "JuanTheProducer.Pursuit-CodeTrack-App";
				PRODUCT_NAME = "$(TARGET_NAME)";
				SWIFT_EMIT_LOC_STRINGS = YES;
				SWIFT_VERSION = 5.0;
				TARGETED_DEVICE_FAMILY = "1,2";
			};
			name = Release;
		};
		3E1C978A2B68C2FC0092A196 /* Debug */ = {
			isa = XCBuildConfiguration;
			buildSettings = {
				ALWAYS_EMBED_SWIFT_STANDARD_LIBRARIES = YES;
				BUNDLE_LOADER = "$(TEST_HOST)";
				CODE_SIGN_STYLE = Automatic;
				CURRENT_PROJECT_VERSION = 1;
				DEVELOPMENT_TEAM = 26RHXP32FH;
				GENERATE_INFOPLIST_FILE = YES;
				IPHONEOS_DEPLOYMENT_TARGET = 17.0;
				MARKETING_VERSION = 1.0;
				PRODUCT_BUNDLE_IDENTIFIER = "JuanTheProducer.Pursuit-CodeTrack-AppTests";
				PRODUCT_NAME = "$(TARGET_NAME)";
				SWIFT_EMIT_LOC_STRINGS = NO;
				SWIFT_VERSION = 5.0;
				TARGETED_DEVICE_FAMILY = "1,2";
				TEST_HOST = "$(BUILT_PRODUCTS_DIR)/Pursuit-CodeTrack-App.app/$(BUNDLE_EXECUTABLE_FOLDER_PATH)/Pursuit-CodeTrack-App";
			};
			name = Debug;
		};
		3E1C978B2B68C2FC0092A196 /* Release */ = {
			isa = XCBuildConfiguration;
			buildSettings = {
				ALWAYS_EMBED_SWIFT_STANDARD_LIBRARIES = YES;
				BUNDLE_LOADER = "$(TEST_HOST)";
				CODE_SIGN_STYLE = Automatic;
				CURRENT_PROJECT_VERSION = 1;
				DEVELOPMENT_TEAM = 26RHXP32FH;
				GENERATE_INFOPLIST_FILE = YES;
				IPHONEOS_DEPLOYMENT_TARGET = 17.0;
				MARKETING_VERSION = 1.0;
				PRODUCT_BUNDLE_IDENTIFIER = "JuanTheProducer.Pursuit-CodeTrack-AppTests";
				PRODUCT_NAME = "$(TARGET_NAME)";
				SWIFT_EMIT_LOC_STRINGS = NO;
				SWIFT_VERSION = 5.0;
				TARGETED_DEVICE_FAMILY = "1,2";
				TEST_HOST = "$(BUILT_PRODUCTS_DIR)/Pursuit-CodeTrack-App.app/$(BUNDLE_EXECUTABLE_FOLDER_PATH)/Pursuit-CodeTrack-App";
			};
			name = Release;
		};
		3E1C978D2B68C2FC0092A196 /* Debug */ = {
			isa = XCBuildConfiguration;
			buildSettings = {
				ALWAYS_EMBED_SWIFT_STANDARD_LIBRARIES = YES;
				CODE_SIGN_STYLE = Automatic;
				CURRENT_PROJECT_VERSION = 1;
				DEVELOPMENT_TEAM = 26RHXP32FH;
				GENERATE_INFOPLIST_FILE = YES;
				MARKETING_VERSION = 1.0;
				PRODUCT_BUNDLE_IDENTIFIER = "JuanTheProducer.Pursuit-CodeTrack-AppUITests";
				PRODUCT_NAME = "$(TARGET_NAME)";
				SWIFT_EMIT_LOC_STRINGS = NO;
				SWIFT_VERSION = 5.0;
				TARGETED_DEVICE_FAMILY = "1,2";
				TEST_TARGET_NAME = "Pursuit-CodeTrack-App";
			};
			name = Debug;
		};
		3E1C978E2B68C2FC0092A196 /* Release */ = {
			isa = XCBuildConfiguration;
			buildSettings = {
				ALWAYS_EMBED_SWIFT_STANDARD_LIBRARIES = YES;
				CODE_SIGN_STYLE = Automatic;
				CURRENT_PROJECT_VERSION = 1;
				DEVELOPMENT_TEAM = 26RHXP32FH;
				GENERATE_INFOPLIST_FILE = YES;
				MARKETING_VERSION = 1.0;
				PRODUCT_BUNDLE_IDENTIFIER = "JuanTheProducer.Pursuit-CodeTrack-AppUITests";
				PRODUCT_NAME = "$(TARGET_NAME)";
				SWIFT_EMIT_LOC_STRINGS = NO;
				SWIFT_VERSION = 5.0;
				TARGETED_DEVICE_FAMILY = "1,2";
				TEST_TARGET_NAME = "Pursuit-CodeTrack-App";
			};
			name = Release;
		};
/* End XCBuildConfiguration section */

/* Begin XCConfigurationList section */
		3E1C97572B68C2F30092A196 /* Build configuration list for PBXProject "Pursuit-CodeTrack-App" */ = {
			isa = XCConfigurationList;
			buildConfigurations = (
				3E1C97842B68C2FC0092A196 /* Debug */,
				3E1C97852B68C2FC0092A196 /* Release */,
			);
			defaultConfigurationIsVisible = 0;
			defaultConfigurationName = Release;
		};
		3E1C97862B68C2FC0092A196 /* Build configuration list for PBXNativeTarget "Pursuit-CodeTrack-App" */ = {
			isa = XCConfigurationList;
			buildConfigurations = (
				3E1C97872B68C2FC0092A196 /* Debug */,
				3E1C97882B68C2FC0092A196 /* Release */,
			);
			defaultConfigurationIsVisible = 0;
			defaultConfigurationName = Release;
		};
		3E1C97892B68C2FC0092A196 /* Build configuration list for PBXNativeTarget "Pursuit-CodeTrack-AppTests" */ = {
			isa = XCConfigurationList;
			buildConfigurations = (
				3E1C978A2B68C2FC0092A196 /* Debug */,
				3E1C978B2B68C2FC0092A196 /* Release */,
			);
			defaultConfigurationIsVisible = 0;
			defaultConfigurationName = Release;
		};
		3E1C978C2B68C2FC0092A196 /* Build configuration list for PBXNativeTarget "Pursuit-CodeTrack-AppUITests" */ = {
			isa = XCConfigurationList;
			buildConfigurations = (
				3E1C978D2B68C2FC0092A196 /* Debug */,
				3E1C978E2B68C2FC0092A196 /* Release */,
			);
			defaultConfigurationIsVisible = 0;
			defaultConfigurationName = Release;
		};
/* End XCConfigurationList section */
	};
	rootObject = 3E1C97542B68C2F30092A196 /* Project object */;
}
